{
  "requires": true,
  "lockfileVersion": 1,
  "dependencies": {
    "jetifier": {
      "version": "2.0.0",
      "resolved": "https://registry.npmjs.org/jetifier/-/jetifier-2.0.0.tgz",
      "integrity": "sha512-J4Au9KuT74te+PCCCHKgAjyLlEa+2VyIAEPNCdE5aNkAJ6FAJcAqcdzEkSnzNksIa9NkGmC4tPiClk2e7tCJuQ==",
      "dev": true
    }
  }
}
